
Microsoft Visual Studio Solution File, Format Version 12.00
# Visual Studio Version 16
VisualStudioVersion = 16.0.30413.136
MinimumVisualStudioVersion = 10.0.40219.1
Project("{FAE04EC0-301F-11D3-BF4B-00C04F79EFBC}") = "Beauty_Shop", "Beauty_Shop.csproj", "{0DE3C449-20AD-4FDE-9483-3C131A75BDD0}"
EndProject
Global
	GlobalSection(SolutionConfigurationPlatforms) = preSolution
		Debug|Any CPU = Debug|Any CPU
		Release|Any CPU = Release|Any CPU
	EndGlobalSection
	GlobalSection(ProjectConfigurationPlatforms) = postSolution
		{0DE3C449-20AD-4FDE-9483-3C131A75BDD0}.Debug|Any CPU.ActiveCfg = Debug|Any CPU
		{0DE3C449-20AD-4FDE-9483-3C131A75BDD0}.Debug|Any CPU.Build.0 = Debug|Any CPU
		{0DE3C449-20AD-4FDE-9483-3C131A75BDD0}.Release|Any CPU.ActiveCfg = Release|Any CPU
		{0DE3C449-20AD-4FDE-9483-3C131A75BDD0}.Release|Any CPU.Build.0 = Release|Any CPU
	EndGlobalSection
	GlobalSection(SolutionProperties) = preSolution
		HideSolutionNode = FALSE
	EndGlobalSection
	GlobalSection(ExtensibilityGlobals) = postSolution
		SolutionGuid = {94D6AFDE-EA1B-4308-991A-8981CB068843}
	EndGlobalSection
EndGlobal
